{
  "name": "deltacompta",
  "version": "1.0.0",
  "lockfileVersion": 1,
  "requires": true,
  "dependencies": {
    "xlsexport": {
      "version": "1.5.2",
      "resolved": "https://registry.npmjs.org/xlsexport/-/xlsexport-1.5.2.tgz",
      "integrity": "sha512-cyyDdZBjlxNl7IIz3/v8CeYwRxb5dXCclDJAv42mrjbUER1ILlWP33zXj7Q/lUc9RUOF5cU4L7iSzQVXSrq8oA=="
    }
  }
}
